// !$*UTF8*$!
{
	archiveVersion = 1;
	classes = {
	};
	objectVersion = 56;
	objects = {

/* Begin PBXBuildFile section */
		D531CFF42C5080F700E88636 /* musicApp.swift in Sources */ = {isa = PBXBuildFile; fileRef = D531CFF32C5080F700E88636 /* musicApp.swift */; };
		D531CFF62C5080F700E88636 /* ContentView.swift in Sources */ = {isa = PBXBuildFile; fileRef = D531CFF52C5080F700E88636 /* ContentView.swift */; };
		D531CFF82C5080FA00E88636 /* Assets.xcassets in Resources */ = {isa = PBXBuildFile; fileRef = D531CFF72C5080FA00E88636 /* Assets.xcassets */; };
		D531CFFC2C5080FA00E88636 /* Preview Assets.xcassets in Resources */ = {isa = PBXBuildFile; fileRef = D531CFFB2C5080FA00E88636 /* Preview Assets.xcassets */; };
		D531D0062C5080FB00E88636 /* musicTests.swift in Sources */ = {isa = PBXBuildFile; fileRef = D531D0052C5080FB00E88636 /* musicTests.swift */; };
		D531D0102C5080FB00E88636 /* musicUITests.swift in Sources */ = {isa = PBXBuildFile; fileRef = D531D00F2C5080FB00E88636 /* musicUITests.swift */; };
		D531D0122C5080FB00E88636 /* musicUITestsLaunchTests.swift in Sources */ = {isa = PBXBuildFile; fileRef = D531D0112C5080FB00E88636 /* musicUITestsLaunchTests.swift */; };
		D531D0222C50822700E88636 /* Song.swift in Sources */ = {isa = PBXBuildFile; fileRef = D531D0212C50822700E88636 /* Song.swift */; };
		D531D0242C50823A00E88636 /* SongViewModel.swift in Sources */ = {isa = PBXBuildFile; fileRef = D531D0232C50823A00E88636 /* SongViewModel.swift */; };
		D531D0262C508BD700E88636 /* ClearableTextField.swift in Sources */ = {isa = PBXBuildFile; fileRef = D531D0252C508BD700E88636 /* ClearableTextField.swift */; };
/* End PBXBuildFile section */

/* Begin PBXContainerItemProxy section */
		D531D0022C5080FB00E88636 /* PBXContainerItemProxy */ = {
			isa = PBXContainerItemProxy;
			containerPortal = D531CFE82C5080F700E88636 /* Project object */;
			proxyType = 1;
			remoteGlobalIDString = D531CFEF2C5080F700E88636;
			remoteInfo = music;
		};
		D531D00C2C5080FB00E88636 /* PBXContainerItemProxy */ = {
			isa = PBXContainerItemProxy;
			containerPortal = D531CFE82C5080F700E88636 /* Project object */;
			proxyType = 1;
			remoteGlobalIDString = D531CFEF2C5080F700E88636;
			remoteInfo = music;
		};
/* End PBXContainerItemProxy section */

/* Begin PBXFileReference section */
		D531CFF02C5080F700E88636 /* music.app */ = {isa = PBXFileReference; explicitFileType = wrapper.application; includeInIndex = 0; path = music.app; sourceTree = BUILT_PRODUCTS_DIR; };
		D531CFF32C5080F700E88636 /* musicApp.swift */ = {isa = PBXFileReference; lastKnownFileType = sourcecode.swift; path = musicApp.swift; sourceTree = "<group>"; };
		D531CFF52C5080F700E88636 /* ContentView.swift */ = {isa = PBXFileReference; lastKnownFileType = sourcecode.swift; path = ContentView.swift; sourceTree = "<group>"; };
		D531CFF72C5080FA00E88636 /* Assets.xcassets */ = {isa = PBXFileReference; lastKnownFileType = folder.assetcatalog; path = Assets.xcassets; sourceTree = "<group>"; };
		D531CFF92C5080FA00E88636 /* music.entitlements */ = {isa = PBXFileReference; lastKnownFileType = text.plist.entitlements; path = music.entitlements; sourceTree = "<group>"; };
		D531CFFB2C5080FA00E88636 /* Preview Assets.xcassets */ = {isa = PBXFileReference; lastKnownFileType = folder.assetcatalog; path = "Preview Assets.xcassets"; sourceTree = "<group>"; };
		D531D0012C5080FB00E88636 /* musicTests.xctest */ = {isa = PBXFileReference; explicitFileType = wrapper.cfbundle; includeInIndex = 0; path = musicTests.xctest; sourceTree = BUILT_PRODUCTS_DIR; };
		D531D0052C5080FB00E88636 /* musicTests.swift */ = {isa = PBXFileReference; lastKnownFileType = sourcecode.swift; path = musicTests.swift; sourceTree = "<group>"; };
		D531D00B2C5080FB00E88636 /* musicUITests.xctest */ = {isa = PBXFileReference; explicitFileType = wrapper.cfbundle; includeInIndex = 0; path = musicUITests.xctest; sourceTree = BUILT_PRODUCTS_DIR; };
		D531D00F2C5080FB00E88636 /* musicUITests.swift */ = {isa = PBXFileReference; lastKnownFileType = sourcecode.swift; path = musicUITests.swift; sourceTree = "<group>"; };
		D531D0112C5080FB00E88636 /* musicUITestsLaunchTests.swift */ = {isa = PBXFileReference; lastKnownFileType = sourcecode.swift; path = musicUITestsLaunchTests.swift; sourceTree = "<group>"; };
		D531D0212C50822700E88636 /* Song.swift */ = {isa = PBXFileReference; lastKnownFileType = sourcecode.swift; path = Song.swift; sourceTree = "<group>"; };
		D531D0232C50823A00E88636 /* SongViewModel.swift */ = {isa = PBXFileReference; lastKnownFileType = sourcecode.swift; path = SongViewModel.swift; sourceTree = "<group>"; };
		D531D0252C508BD700E88636 /* ClearableTextField.swift */ = {isa = PBXFileReference; lastKnownFileType = sourcecode.swift; path = ClearableTextField.swift; sourceTree = "<group>"; };
/* End PBXFileReference section */

/* Begin PBXFrameworksBuildPhase section */
		D531CFED2C5080F700E88636 /* Frameworks */ = {
			isa = PBXFrameworksBuildPhase;
			buildActionMask = 2147483647;
			files = (
			);
			runOnlyForDeploymentPostprocessing = 0;
		};
		D531CFFE2C5080FB00E88636 /* Frameworks */ = {
			isa = PBXFrameworksBuildPhase;
			buildActionMask = 2147483647;
			files = (
			);
			runOnlyForDeploymentPostprocessing = 0;
		};
		D531D0082C5080FB00E88636 /* Frameworks */ = {
			isa = PBXFrameworksBuildPhase;
			buildActionMask = 2147483647;
			files = (
			);
			runOnlyForDeploymentPostprocessing = 0;
		};
/* End PBXFrameworksBuildPhase section */

/* Begin PBXGroup section */
		D531CFE72C5080F700E88636 = {
			isa = PBXGroup;
			children = (
				D531CFF22C5080F700E88636 /* music */,
				D531D0042C5080FB00E88636 /* musicTests */,
				D531D00E2C5080FB00E88636 /* musicUITests */,
				D531CFF12C5080F700E88636 /* Products */,
			);
			sourceTree = "<group>";
		};
		D531CFF12C5080F700E88636 /* Products */ = {
			isa = PBXGroup;
			children = (
				D531CFF02C5080F700E88636 /* music.app */,
				D531D0012C5080FB00E88636 /* musicTests.xctest */,
				D531D00B2C5080FB00E88636 /* musicUITests.xctest */,
			);
			name = Products;
			sourceTree = "<group>";
		};
		D531CFF22C5080F700E88636 /* music */ = {
			isa = PBXGroup;
			children = (
				D531D0202C5081FB00E88636 /* Model */,
				D531D01F2C5081F300E88636 /* ViewModel */,
				D531D01E2C5081EB00E88636 /* View */,
				D531CFF32C5080F700E88636 /* musicApp.swift */,
				D531CFF72C5080FA00E88636 /* Assets.xcassets */,
				D531CFF92C5080FA00E88636 /* music.entitlements */,
				D531CFFA2C5080FA00E88636 /* Preview Content */,
			);
			path = music;
			sourceTree = "<group>";
		};
		D531CFFA2C5080FA00E88636 /* Preview Content */ = {
			isa = PBXGroup;
			children = (
				D531CFFB2C5080FA00E88636 /* Preview Assets.xcassets */,
			);
			path = "Preview Content";
			sourceTree = "<group>";
		};
		D531D0042C5080FB00E88636 /* musicTests */ = {
			isa = PBXGroup;
			children = (
				D531D0052C5080FB00E88636 /* musicTests.swift */,
			);
			path = musicTests;
			sourceTree = "<group>";
		};
		D531D00E2C5080FB00E88636 /* musicUITests */ = {
			isa = PBXGroup;
			children = (
				D531D00F2C5080FB00E88636 /* musicUITests.swift */,
				D531D0112C5080FB00E88636 /* musicUITestsLaunchTests.swift */,
			);
			path = musicUITests;
			sourceTree = "<group>";
		};
		D531D01E2C5081EB00E88636 /* View */ = {
			isa = PBXGroup;
			children = (
				D531CFF52C5080F700E88636 /* ContentView.swift */,
				D531D0252C508BD700E88636 /* ClearableTextField.swift */,
			);
			path = View;
			sourceTree = "<group>";
		};
		D531D01F2C5081F300E88636 /* ViewModel */ = {
			isa = PBXGroup;
			children = (
				D531D0232C50823A00E88636 /* SongViewModel.swift */,
			);
			path = ViewModel;
			sourceTree = "<group>";
		};
		D531D0202C5081FB00E88636 /* Model */ = {
			isa = PBXGroup;
			children = (
				D531D0212C50822700E88636 /* Song.swift */,
			);
			path = Model;
			sourceTree = "<group>";
		};
/* End PBXGroup section */

/* Begin PBXNativeTarget section */
		D531CFEF2C5080F700E88636 /* music */ = {
			isa = PBXNativeTarget;
			buildConfigurationList = D531D0152C5080FB00E88636 /* Build configuration list for PBXNativeTarget "music" */;
			buildPhases = (
				D531CFEC2C5080F700E88636 /* Sources */,
				D531CFED2C5080F700E88636 /* Frameworks */,
				D531CFEE2C5080F700E88636 /* Resources */,
			);
			buildRules = (
			);
			dependencies = (
			);
			name = music;
			productName = music;
			productReference = D531CFF02C5080F700E88636 /* music.app */;
			productType = "com.apple.product-type.application";
		};
		D531D0002C5080FB00E88636 /* musicTests */ = {
			isa = PBXNativeTarget;
			buildConfigurationList = D531D0182C5080FB00E88636 /* Build configuration list for PBXNativeTarget "musicTests" */;
			buildPhases = (
				D531CFFD2C5080FB00E88636 /* Sources */,
				D531CFFE2C5080FB00E88636 /* Frameworks */,
				D531CFFF2C5080FB00E88636 /* Resources */,
			);
			buildRules = (
			);
			dependencies = (
				D531D0032C5080FB00E88636 /* PBXTargetDependency */,
			);
			name = musicTests;
			productName = musicTests;
			productReference = D531D0012C5080FB00E88636 /* musicTests.xctest */;
			productType = "com.apple.product-type.bundle.unit-test";
		};
		D531D00A2C5080FB00E88636 /* musicUITests */ = {
			isa = PBXNativeTarget;
			buildConfigurationList = D531D01B2C5080FB00E88636 /* Build configuration list for PBXNativeTarget "musicUITests" */;
			buildPhases = (
				D531D0072C5080FB00E88636 /* Sources */,
				D531D0082C5080FB00E88636 /* Frameworks */,
				D531D0092C5080FB00E88636 /* Resources */,
			);
			buildRules = (
			);
			dependencies = (
				D531D00D2C5080FB00E88636 /* PBXTargetDependency */,
			);
			name = musicUITests;
			productName = musicUITests;
			productReference = D531D00B2C5080FB00E88636 /* musicUITests.xctest */;
			productType = "com.apple.product-type.bundle.ui-testing";
		};
/* End PBXNativeTarget section */

/* Begin PBXProject section */
		D531CFE82C5080F700E88636 /* Project object */ = {
			isa = PBXProject;
			attributes = {
				BuildIndependentTargetsInParallel = 1;
				LastSwiftUpdateCheck = 1540;
				LastUpgradeCheck = 1540;
				TargetAttributes = {
					D531CFEF2C5080F700E88636 = {
						CreatedOnToolsVersion = 15.4;
					};
					D531D0002C5080FB00E88636 = {
						CreatedOnToolsVersion = 15.4;
						TestTargetID = D531CFEF2C5080F700E88636;
					};
					D531D00A2C5080FB00E88636 = {
						CreatedOnToolsVersion = 15.4;
						TestTargetID = D531CFEF2C5080F700E88636;
					};
				};
			};
			buildConfigurationList = D531CFEB2C5080F700E88636 /* Build configuration list for PBXProject "music" */;
			compatibilityVersion = "Xcode 14.0";
			developmentRegion = en;
			hasScannedForEncodings = 0;
			knownRegions = (
				en,
				Base,
			);
			mainGroup = D531CFE72C5080F700E88636;
			productRefGroup = D531CFF12C5080F700E88636 /* Products */;
			projectDirPath = "";
			projectRoot = "";
			targets = (
				D531CFEF2C5080F700E88636 /* music */,
				D531D0002C5080FB00E88636 /* musicTests */,
				D531D00A2C5080FB00E88636 /* musicUITests */,
			);
		};
/* End PBXProject section */

/* Begin PBXResourcesBuildPhase section */
		D531CFEE2C5080F700E88636 /* Resources */ = {
			isa = PBXResourcesBuildPhase;
			buildActionMask = 2147483647;
			files = (
				D531CFFC2C5080FA00E88636 /* Preview Assets.xcassets in Resources */,
				D531CFF82C5080FA00E88636 /* Assets.xcassets in Resources */,
			);
			runOnlyForDeploymentPostprocessing = 0;
		};
		D531CFFF2C5080FB00E88636 /* Resources */ = {
			isa = PBXResourcesBuildPhase;
			buildActionMask = 2147483647;
			files = (
			);
			runOnlyForDeploymentPostprocessing = 0;
		};
		D531D0092C5080FB00E88636 /* Resources */ = {
			isa = PBXResourcesBuildPhase;
			buildActionMask = 2147483647;
			files = (
			);
			runOnlyForDeploymentPostprocessing = 0;
		};
/* End PBXResourcesBuildPhase section */

/* Begin PBXSourcesBuildPhase section */
		D531CFEC2C5080F700E88636 /* Sources */ = {
			isa = PBXSourcesBuildPhase;
			buildActionMask = 2147483647;
			files = (
				D531D0222C50822700E88636 /* Song.swift in Sources */,
				D531D0242C50823A00E88636 /* SongViewModel.swift in Sources */,
				D531CFF62C5080F700E88636 /* ContentView.swift in Sources */,
				D531CFF42C5080F700E88636 /* musicApp.swift in Sources */,
				D531D0262C508BD700E88636 /* ClearableTextField.swift in Sources */,
			);
			runOnlyForDeploymentPostprocessing = 0;
		};
		D531CFFD2C5080FB00E88636 /* Sources */ = {
			isa = PBXSourcesBuildPhase;
			buildActionMask = 2147483647;
			files = (
				D531D0062C5080FB00E88636 /* musicTests.swift in Sources */,
			);
			runOnlyForDeploymentPostprocessing = 0;
		};
		D531D0072C5080FB00E88636 /* Sources */ = {
			isa = PBXSourcesBuildPhase;
			buildActionMask = 2147483647;
			files = (
				D531D0122C5080FB00E88636 /* musicUITestsLaunchTests.swift in Sources */,
				D531D0102C5080FB00E88636 /* musicUITests.swift in Sources */,
			);
			runOnlyForDeploymentPostprocessing = 0;
		};
/* End PBXSourcesBuildPhase section */

/* Begin PBXTargetDependency section */
		D531D0032C5080FB00E88636 /* PBXTargetDependency */ = {
			isa = PBXTargetDependency;
			target = D531CFEF2C5080F700E88636 /* music */;
			targetProxy = D531D0022C5080FB00E88636 /* PBXContainerItemProxy */;
		};
		D531D00D2C5080FB00E88636 /* PBXTargetDependency */ = {
			isa = PBXTargetDependency;
			target = D531CFEF2C5080F700E88636 /* music */;
			targetProxy = D531D00C2C5080FB00E88636 /* PBXContainerItemProxy */;
		};
/* End PBXTargetDependency section */

/* Begin XCBuildConfiguration section */
		D531D0132C5080FB00E88636 /* Debug */ = {
			isa = XCBuildConfiguration;
			buildSettings = {
				ALWAYS_SEARCH_USER_PATHS = NO;
				ASSETCATALOG_COMPILER_GENERATE_SWIFT_ASSET_SYMBOL_EXTENSIONS = YES;
				CLANG_ANALYZER_NONNULL = YES;
				CLANG_ANALYZER_NUMBER_OBJECT_CONVERSION = YES_AGGRESSIVE;
				CLANG_CXX_LANGUAGE_STANDARD = "gnu++20";
				CLANG_ENABLE_MODULES = YES;
				CLANG_ENABLE_OBJC_ARC = YES;
				CLANG_ENABLE_OBJC_WEAK = YES;
				CLANG_WARN_BLOCK_CAPTURE_AUTORELEASING = YES;
				CLANG_WARN_BOOL_CONVERSION = YES;
				CLANG_WARN_COMMA = YES;
				CLANG_WARN_CONSTANT_CONVERSION = YES;
				CLANG_WARN_DEPRECATED_OBJC_IMPLEMENTATIONS = YES;
				CLANG_WARN_DIRECT_OBJC_ISA_USAGE = YES_ERROR;
				CLANG_WARN_DOCUMENTATION_COMMENTS = YES;
				CLANG_WARN_EMPTY_BODY = YES;
				CLANG_WARN_ENUM_CONVERSION = YES;
				CLANG_WARN_INFINITE_RECURSION = YES;
				CLANG_WARN_INT_CONVERSION = YES;
				CLANG_WARN_NON_LITERAL_NULL_CONVERSION = YES;
				CLANG_WARN_OBJC_IMPLICIT_RETAIN_SELF = YES;
				CLANG_WARN_OBJC_LITERAL_CONVERSION = YES;
				CLANG_WARN_OBJC_ROOT_CLASS = YES_ERROR;
				CLANG_WARN_QUOTED_INCLUDE_IN_FRAMEWORK_HEADER = YES;
				CLANG_WARN_RANGE_LOOP_ANALYSIS = YES;
				CLANG_WARN_STRICT_PROTOTYPES = YES;
				CLANG_WARN_SUSPICIOUS_MOVE = YES;
				CLANG_WARN_UNGUARDED_AVAILABILITY = YES_AGGRESSIVE;
				CLANG_WARN_UNREACHABLE_CODE = YES;
				CLANG_WARN__DUPLICATE_METHOD_MATCH = YES;
				COPY_PHASE_STRIP = NO;
				DEBUG_INFORMATION_FORMAT = dwarf;
				ENABLE_STRICT_OBJC_MSGSEND = YES;
				ENABLE_TESTABILITY = YES;
				ENABLE_USER_SCRIPT_SANDBOXING = YES;
				GCC_C_LANGUAGE_STANDARD = gnu17;
				GCC_DYNAMIC_NO_PIC = NO;
				GCC_NO_COMMON_BLOCKS = YES;
				GCC_OPTIMIZATION_LEVEL = 0;
				GCC_PREPROCESSOR_DEFINITIONS = (
					"DEBUG=1",
					"$(inherited)",
				);
				GCC_WARN_64_TO_32_BIT_CONVERSION = YES;
				GCC_WARN_ABOUT_RETURN_TYPE = YES_ERROR;
				GCC_WARN_UNDECLARED_SELECTOR = YES;
				GCC_WARN_UNINITIALIZED_AUTOS = YES_AGGRESSIVE;
				GCC_WARN_UNUSED_FUNCTION = YES;
				GCC_WARN_UNUSED_VARIABLE = YES;
				IPHONEOS_DEPLOYMENT_TARGET = 14.3;
				LOCALIZATION_PREFERS_STRING_CATALOGS = YES;
				MTL_ENABLE_DEBUG_INFO = INCLUDE_SOURCE;
				MTL_FAST_MATH = YES;
				ONLY_ACTIVE_ARCH = YES;
				SWIFT_ACTIVE_COMPILATION_CONDITIONS = "DEBUG $(inherited)";
				SWIFT_OPTIMIZATION_LEVEL = "-Onone";
			};
			name = Debug;
		};
		D531D0142C5080FB00E88636 /* Release */ = {
			isa = XCBuildConfiguration;
			buildSettings = {
				ALWAYS_SEARCH_USER_PATHS = NO;
				ASSETCATALOG_COMPILER_GENERATE_SWIFT_ASSET_SYMBOL_EXTENSIONS = YES;
				CLANG_ANALYZER_NONNULL = YES;
				CLANG_ANALYZER_NUMBER_OBJECT_CONVERSION = YES_AGGRESSIVE;
				CLANG_CXX_LANGUAGE_STANDARD = "gnu++20";
				CLANG_ENABLE_MODULES = YES;
				CLANG_ENABLE_OBJC_ARC = YES;
				CLANG_ENABLE_OBJC_WEAK = YES;
				CLANG_WARN_BLOCK_CAPTURE_AUTORELEASING = YES;
				CLANG_WARN_BOOL_CONVERSION = YES;
				CLANG_WARN_COMMA = YES;
				CLANG_WARN_CONSTANT_CONVERSION = YES;
				CLANG_WARN_DEPRECATED_OBJC_IMPLEMENTATIONS = YES;
				CLANG_WARN_DIRECT_OBJC_ISA_USAGE = YES_ERROR;
				CLANG_WARN_DOCUMENTATION_COMMENTS = YES;
				CLANG_WARN_EMPTY_BODY = YES;
				CLANG_WARN_ENUM_CONVERSION = YES;
				CLANG_WARN_INFINITE_RECURSION = YES;
				CLANG_WARN_INT_CONVERSION = YES;
				CLANG_WARN_NON_LITERAL_NULL_CONVERSION = YES;
				CLANG_WARN_OBJC_IMPLICIT_RETAIN_SELF = YES;
				CLANG_WARN_OBJC_LITERAL_CONVERSION = YES;
				CLANG_WARN_OBJC_ROOT_CLASS = YES_ERROR;
				CLANG_WARN_QUOTED_INCLUDE_IN_FRAMEWORK_HEADER = YES;
				CLANG_WARN_RANGE_LOOP_ANALYSIS = YES;
				CLANG_WARN_STRICT_PROTOTYPES = YES;
				CLANG_WARN_SUSPICIOUS_MOVE = YES;
				CLANG_WARN_UNGUARDED_AVAILABILITY = YES_AGGRESSIVE;
				CLANG_WARN_UNREACHABLE_CODE = YES;
				CLANG_WARN__DUPLICATE_METHOD_MATCH = YES;
				COPY_PHASE_STRIP = NO;
				DEBUG_INFORMATION_FORMAT = "dwarf-with-dsym";
				ENABLE_NS_ASSERTIONS = NO;
				ENABLE_STRICT_OBJC_MSGSEND = YES;
				ENABLE_USER_SCRIPT_SANDBOXING = YES;
				GCC_C_LANGUAGE_STANDARD = gnu17;
				GCC_NO_COMMON_BLOCKS = YES;
				GCC_WARN_64_TO_32_BIT_CONVERSION = YES;
				GCC_WARN_ABOUT_RETURN_TYPE = YES_ERROR;
				GCC_WARN_UNDECLARED_SELECTOR = YES;
				GCC_WARN_UNINITIALIZED_AUTOS = YES_AGGRESSIVE;
				GCC_WARN_UNUSED_FUNCTION = YES;
				GCC_WARN_UNUSED_VARIABLE = YES;
				IPHONEOS_DEPLOYMENT_TARGET = 14.3;
				LOCALIZATION_PREFERS_STRING_CATALOGS = YES;
				MTL_ENABLE_DEBUG_INFO = NO;
				MTL_FAST_MATH = YES;
				SWIFT_COMPILATION_MODE = wholemodule;
			};
			name = Release;
		};
		D531D0162C5080FB00E88636 /* Debug */ = {
			isa = XCBuildConfiguration;
			buildSettings = {
				ASSETCATALOG_COMPILER_APPICON_NAME = AppIcon;
				ASSETCATALOG_COMPILER_GLOBAL_ACCENT_COLOR_NAME = AccentColor;
				CODE_SIGN_ENTITLEMENTS = music/music.entitlements;
				CODE_SIGN_STYLE = Automatic;
				CURRENT_PROJECT_VERSION = 1;
				DEVELOPMENT_ASSET_PATHS = "\"music/Preview Content\"";
				DEVELOPMENT_TEAM = 65GSHJ8762;
				ENABLE_HARDENED_RUNTIME = YES;
				ENABLE_PREVIEWS = YES;
				GENERATE_INFOPLIST_FILE = YES;
				"INFOPLIST_KEY_UIApplicationSceneManifest_Generation[sdk=iphoneos*]" = YES;
				"INFOPLIST_KEY_UIApplicationSceneManifest_Generation[sdk=iphonesimulator*]" = YES;
				"INFOPLIST_KEY_UIApplicationSupportsIndirectInputEvents[sdk=iphoneos*]" = YES;
				"INFOPLIST_KEY_UIApplicationSupportsIndirectInputEvents[sdk=iphonesimulator*]" = YES;
				"INFOPLIST_KEY_UILaunchScreen_Generation[sdk=iphoneos*]" = YES;
				"INFOPLIST_KEY_UILaunchScreen_Generation[sdk=iphonesimulator*]" = YES;
				"INFOPLIST_KEY_UIStatusBarStyle[sdk=iphoneos*]" = UIStatusBarStyleDefault;
				"INFOPLIST_KEY_UIStatusBarStyle[sdk=iphonesimulator*]" = UIStatusBarStyleDefault;
				INFOPLIST_KEY_UISupportedInterfaceOrientations_iPad = "UIInterfaceOrientationPortrait UIInterfaceOrientationPortraitUpsideDown UIInterfaceOrientationLandscapeLeft UIInterfaceOrientationLandscapeRight";
				INFOPLIST_KEY_UISupportedInterfaceOrientations_iPhone = "UIInterfaceOrientationPortrait UIInterfaceOrientationLandscapeLeft UIInterfaceOrientationLandscapeRight";
				IPHONEOS_DEPLOYMENT_TARGET = 17.5;
				LD_RUNPATH_SEARCH_PATHS = "@executable_path/Frameworks";
				"LD_RUNPATH_SEARCH_PATHS[sdk=macosx*]" = "@executable_path/../Frameworks";
				MACOSX_DEPLOYMENT_TARGET = 14.5;
				MARKETING_VERSION = 1.0;
				PRODUCT_BUNDLE_IDENTIFIER = com.swiftui.network.music;
				PRODUCT_NAME = "$(TARGET_NAME)";
				SDKROOT = auto;
				SUPPORTED_PLATFORMS = "iphoneos iphonesimulator macosx";
				SWIFT_EMIT_LOC_STRINGS = YES;
				SWIFT_VERSION = 5.0;
				TARGETED_DEVICE_FAMILY = "1,2";
			};
			name = Debug;
		};
		D531D0172C5080FB00E88636 /* Release */ = {
			isa = XCBuildConfiguration;
			buildSettings = {
				ASSETCATALOG_COMPILER_APPICON_NAME = AppIcon;
				ASSETCATALOG_COMPILER_GLOBAL_ACCENT_COLOR_NAME = AccentColor;
				CODE_SIGN_ENTITLEMENTS = music/music.entitlements;
				CODE_SIGN_STYLE = Automatic;
				CURRENT_PROJECT_VERSION = 1;
				DEVELOPMENT_ASSET_PATHS = "\"music/Preview Content\"";
				DEVELOPMENT_TEAM = 65GSHJ8762;
				ENABLE_HARDENED_RUNTIME = YES;
				ENABLE_PREVIEWS = YES;
				GENERATE_INFOPLIST_FILE = YES;
				"INFOPLIST_KEY_UIApplicationSceneManifest_Generation[sdk=iphoneos*]" = YES;
				"INFOPLIST_KEY_UIApplicationSceneManifest_Generation[sdk=iphonesimulator*]" = YES;
				"INFOPLIST_KEY_UIApplicationSupportsIndirectInputEvents[sdk=iphoneos*]" = YES;
				"INFOPLIST_KEY_UIApplicationSupportsIndirectInputEvents[sdk=iphonesimulator*]" = YES;
				"INFOPLIST_KEY_UILaunchScreen_Generation[sdk=iphoneos*]" = YES;
				"INFOPLIST_KEY_UILaunchScreen_Generation[sdk=iphonesimulator*]" = YES;
				"INFOPLIST_KEY_UIStatusBarStyle[sdk=iphoneos*]" = UIStatusBarStyleDefault;
				"INFOPLIST_KEY_UIStatusBarStyle[sdk=iphonesimulator*]" = UIStatusBarStyleDefault;
				INFOPLIST_KEY_UISupportedInterfaceOrientations_iPad = "UIInterfaceOrientationPortrait UIInterfaceOrientationPortraitUpsideDown UIInterfaceOrientationLandscapeLeft UIInterfaceOrientationLandscapeRight";
				INFOPLIST_KEY_UISupportedInterfaceOrientations_iPhone = "UIInterfaceOrientationPortrait UIInterfaceOrientationLandscapeLeft UIInterfaceOrientationLandscapeRight";
				IPHONEOS_DEPLOYMENT_TARGET = 17.5;
				LD_RUNPATH_SEARCH_PATHS = "@executable_path/Frameworks";
				"LD_RUNPATH_SEARCH_PATHS[sdk=macosx*]" = "@executable_path/../Frameworks";
				MACOSX_DEPLOYMENT_TARGET = 14.5;
				MARKETING_VERSION = 1.0;
				PRODUCT_BUNDLE_IDENTIFIER = com.swiftui.network.music;
				PRODUCT_NAME = "$(TARGET_NAME)";
				SDKROOT = auto;
				SUPPORTED_PLATFORMS = "iphoneos iphonesimulator macosx";
				SWIFT_EMIT_LOC_STRINGS = YES;
				SWIFT_VERSION = 5.0;
				TARGETED_DEVICE_FAMILY = "1,2";
			};
			name = Release;
		};
		D531D0192C5080FB00E88636 /* Debug */ = {
			isa = XCBuildConfiguration;
			buildSettings = {
				ALWAYS_EMBED_SWIFT_STANDARD_LIBRARIES = YES;
				BUNDLE_LOADER = "$(TEST_HOST)";
				CODE_SIGN_STYLE = Automatic;
				CURRENT_PROJECT_VERSION = 1;
				DEVELOPMENT_TEAM = 65GSHJ8762;
				GENERATE_INFOPLIST_FILE = YES;
				IPHONEOS_DEPLOYMENT_TARGET = 17.5;
				MACOSX_DEPLOYMENT_TARGET = 14.5;
				MARKETING_VERSION = 1.0;
				PRODUCT_BUNDLE_IDENTIFIER = com.swiftui.network.musicTests;
				PRODUCT_NAME = "$(TARGET_NAME)";
				SDKROOT = auto;
				SUPPORTED_PLATFORMS = "iphoneos iphonesimulator macosx";
				SWIFT_EMIT_LOC_STRINGS = NO;
				SWIFT_VERSION = 5.0;
				TARGETED_DEVICE_FAMILY = "1,2";
				TEST_HOST = "$(BUILT_PRODUCTS_DIR)/music.app/$(BUNDLE_EXECUTABLE_FOLDER_PATH)/music";
			};
			name = Debug;
		};
		D531D01A2C5080FB00E88636 /* Release */ = {
			isa = XCBuildConfiguration;
			buildSettings = {
				ALWAYS_EMBED_SWIFT_STANDARD_LIBRARIES = YES;
				BUNDLE_LOADER = "$(TEST_HOST)";
				CODE_SIGN_STYLE = Automatic;
				CURRENT_PROJECT_VERSION = 1;
				DEVELOPMENT_TEAM = 65GSHJ8762;
				GENERATE_INFOPLIST_FILE = YES;
				IPHONEOS_DEPLOYMENT_TARGET = 17.5;
				MACOSX_DEPLOYMENT_TARGET = 14.5;
				MARKETING_VERSION = 1.0;
				PRODUCT_BUNDLE_IDENTIFIER = com.swiftui.network.musicTests;
				PRODUCT_NAME = "$(TARGET_NAME)";
				SDKROOT = auto;
				SUPPORTED_PLATFORMS = "iphoneos iphonesimulator macosx";
				SWIFT_EMIT_LOC_STRINGS = NO;
				SWIFT_VERSION = 5.0;
				TARGETED_DEVICE_FAMILY = "1,2";
				TEST_HOST = "$(BUILT_PRODUCTS_DIR)/music.app/$(BUNDLE_EXECUTABLE_FOLDER_PATH)/music";
			};
			name = Release;
		};
		D531D01C2C5080FB00E88636 /* Debug */ = {
			isa = XCBuildConfiguration;
			buildSettings = {
				ALWAYS_EMBED_SWIFT_STANDARD_LIBRARIES = YES;
				CODE_SIGN_STYLE = Automatic;
				CURRENT_PROJECT_VERSION = 1;
				DEVELOPMENT_TEAM = 65GSHJ8762;
				GENERATE_INFOPLIST_FILE = YES;
				IPHONEOS_DEPLOYMENT_TARGET = 17.5;
				MACOSX_DEPLOYMENT_TARGET = 14.5;
				MARKETING_VERSION = 1.0;
				PRODUCT_BUNDLE_IDENTIFIER = com.swiftui.network.musicUITests;
				PRODUCT_NAME = "$(TARGET_NAME)";
				SDKROOT = auto;
				SUPPORTED_PLATFORMS = "iphoneos iphonesimulator macosx";
				SWIFT_EMIT_LOC_STRINGS = NO;
				SWIFT_VERSION = 5.0;
				TARGETED_DEVICE_FAMILY = "1,2";
				TEST_TARGET_NAME = music;
			};
			name = Debug;
		};
		D531D01D2C5080FB00E88636 /* Release */ = {
			isa = XCBuildConfiguration;
			buildSettings = {
				ALWAYS_EMBED_SWIFT_STANDARD_LIBRARIES = YES;
				CODE_SIGN_STYLE = Automatic;
				CURRENT_PROJECT_VERSION = 1;
				DEVELOPMENT_TEAM = 65GSHJ8762;
				GENERATE_INFOPLIST_FILE = YES;
				IPHONEOS_DEPLOYMENT_TARGET = 17.5;
				MACOSX_DEPLOYMENT_TARGET = 14.5;
				MARKETING_VERSION = 1.0;
				PRODUCT_BUNDLE_IDENTIFIER = com.swiftui.network.musicUITests;
				PRODUCT_NAME = "$(TARGET_NAME)";
				SDKROOT = auto;
				SUPPORTED_PLATFORMS = "iphoneos iphonesimulator macosx";
				SWIFT_EMIT_LOC_STRINGS = NO;
				SWIFT_VERSION = 5.0;
				TARGETED_DEVICE_FAMILY = "1,2";
				TEST_TARGET_NAME = music;
			};
			name = Release;
		};
/* End XCBuildConfiguration section */

/* Begin XCConfigurationList section */
		D531CFEB2C5080F700E88636 /* Build configuration list for PBXProject "music" */ = {
			isa = XCConfigurationList;
			buildConfigurations = (
				D531D0132C5080FB00E88636 /* Debug */,
				D531D0142C5080FB00E88636 /* Release */,
			);
			defaultConfigurationIsVisible = 0;
			defaultConfigurationName = Release;
		};
		D531D0152C5080FB00E88636 /* Build configuration list for PBXNativeTarget "music" */ = {
			isa = XCConfigurationList;
			buildConfigurations = (
				D531D0162C5080FB00E88636 /* Debug */,
				D531D0172C5080FB00E88636 /* Release */,
			);
			defaultConfigurationIsVisible = 0;
			defaultConfigurationName = Release;
		};
		D531D0182C5080FB00E88636 /* Build configuration list for PBXNativeTarget "musicTests" */ = {
			isa = XCConfigurationList;
			buildConfigurations = (
				D531D0192C5080FB00E88636 /* Debug */,
				D531D01A2C5080FB00E88636 /* Release */,
			);
			defaultConfigurationIsVisible = 0;
			defaultConfigurationName = Release;
		};
		D531D01B2C5080FB00E88636 /* Build configuration list for PBXNativeTarget "musicUITests" */ = {
			isa = XCConfigurationList;
			buildConfigurations = (
				D531D01C2C5080FB00E88636 /* Debug */,
				D531D01D2C5080FB00E88636 /* Release */,
			);
			defaultConfigurationIsVisible = 0;
			defaultConfigurationName = Release;
		};
/* End XCConfigurationList section */
	};
	rootObject = D531CFE82C5080F700E88636 /* Project object */;
}
